// !$*UTF8*$!
{
	archiveVersion = 1;
	classes = {
	};
	objectVersion = 50;
	objects = {

/* Begin PBXBuildFile section */
		2B257E70230C293C002B81E4 /* AppDelegate.swift in Sources */ = {isa = PBXBuildFile; fileRef = 2B257E6F230C293C002B81E4 /* AppDelegate.swift */; };
		2B257E75230C293C002B81E4 /* Main.storyboard in Resources */ = {isa = PBXBuildFile; fileRef = 2B257E73230C293C002B81E4 /* Main.storyboard */; };
		2B257E78230C293C002B81E4 /* Reciplease.xcdatamodeld in Sources */ = {isa = PBXBuildFile; fileRef = 2B257E76230C293C002B81E4 /* Reciplease.xcdatamodeld */; };
		2B257E7A230C293D002B81E4 /* Assets.xcassets in Resources */ = {isa = PBXBuildFile; fileRef = 2B257E79230C293D002B81E4 /* Assets.xcassets */; };
		2B257E7D230C293D002B81E4 /* LaunchScreen.storyboard in Resources */ = {isa = PBXBuildFile; fileRef = 2B257E7B230C293D002B81E4 /* LaunchScreen.storyboard */; };
		2B257E88230C293D002B81E4 /* RecipleaseTests.swift in Sources */ = {isa = PBXBuildFile; fileRef = 2B257E87230C293D002B81E4 /* RecipleaseTests.swift */; };
		2B257F0F230C3C14002B81E4 /* AppCoordinator.swift in Sources */ = {isa = PBXBuildFile; fileRef = 2B257F0E230C3C14002B81E4 /* AppCoordinator.swift */; };
		2B257F11230C3C1E002B81E4 /* TabCoordinator.swift in Sources */ = {isa = PBXBuildFile; fileRef = 2B257F10230C3C1E002B81E4 /* TabCoordinator.swift */; };
		2B257F13230C3C26002B81E4 /* Screens.swift in Sources */ = {isa = PBXBuildFile; fileRef = 2B257F12230C3C26002B81E4 /* Screens.swift */; };
		2B257F17230C3CA2002B81E4 /* ResearchViewController.swift in Sources */ = {isa = PBXBuildFile; fileRef = 2B257F16230C3CA2002B81E4 /* ResearchViewController.swift */; };
		2B257F19230C3CAC002B81E4 /* ResearchCoordinator.swift in Sources */ = {isa = PBXBuildFile; fileRef = 2B257F18230C3CAC002B81E4 /* ResearchCoordinator.swift */; };
		2B257F1B230C3CBC002B81E4 /* FavoritesCoordinator.swift in Sources */ = {isa = PBXBuildFile; fileRef = 2B257F1A230C3CBC002B81E4 /* FavoritesCoordinator.swift */; };
		2B257F1D230C3CC8002B81E4 /* FavoritesViewController.swift in Sources */ = {isa = PBXBuildFile; fileRef = 2B257F1C230C3CC8002B81E4 /* FavoritesViewController.swift */; };
		2B5ED64C230C603400B7D33A /* Extensions.swift in Sources */ = {isa = PBXBuildFile; fileRef = 2B5ED64B230C603400B7D33A /* Extensions.swift */; };
/* End PBXBuildFile section */

/* Begin PBXContainerItemProxy section */
		2B257E84230C293D002B81E4 /* PBXContainerItemProxy */ = {
			isa = PBXContainerItemProxy;
			containerPortal = 2B257E64230C293C002B81E4 /* Project object */;
			proxyType = 1;
			remoteGlobalIDString = 2B257E6B230C293C002B81E4;
			remoteInfo = Reciplease;
		};
/* End PBXContainerItemProxy section */

/* Begin PBXFileReference section */
		2B257E6C230C293C002B81E4 /* Reciplease.app */ = {isa = PBXFileReference; explicitFileType = wrapper.application; includeInIndex = 0; path = Reciplease.app; sourceTree = BUILT_PRODUCTS_DIR; };
		2B257E6F230C293C002B81E4 /* AppDelegate.swift */ = {isa = PBXFileReference; lastKnownFileType = sourcecode.swift; path = AppDelegate.swift; sourceTree = "<group>"; };
		2B257E74230C293C002B81E4 /* Base */ = {isa = PBXFileReference; lastKnownFileType = file.storyboard; name = Base; path = Base.lproj/Main.storyboard; sourceTree = "<group>"; };
		2B257E77230C293C002B81E4 /* Reciplease.xcdatamodel */ = {isa = PBXFileReference; lastKnownFileType = wrapper.xcdatamodel; path = Reciplease.xcdatamodel; sourceTree = "<group>"; };
		2B257E79230C293D002B81E4 /* Assets.xcassets */ = {isa = PBXFileReference; lastKnownFileType = folder.assetcatalog; path = Assets.xcassets; sourceTree = "<group>"; };
		2B257E7C230C293D002B81E4 /* Base */ = {isa = PBXFileReference; lastKnownFileType = file.storyboard; name = Base; path = Base.lproj/LaunchScreen.storyboard; sourceTree = "<group>"; };
		2B257E7E230C293D002B81E4 /* Info.plist */ = {isa = PBXFileReference; lastKnownFileType = text.plist.xml; path = Info.plist; sourceTree = "<group>"; };
		2B257E83230C293D002B81E4 /* RecipleaseTests.xctest */ = {isa = PBXFileReference; explicitFileType = wrapper.cfbundle; includeInIndex = 0; path = RecipleaseTests.xctest; sourceTree = BUILT_PRODUCTS_DIR; };
		2B257E87230C293D002B81E4 /* RecipleaseTests.swift */ = {isa = PBXFileReference; lastKnownFileType = sourcecode.swift; path = RecipleaseTests.swift; sourceTree = "<group>"; };
		2B257E89230C293D002B81E4 /* Info.plist */ = {isa = PBXFileReference; lastKnownFileType = text.plist.xml; path = Info.plist; sourceTree = "<group>"; };
		2B257F0E230C3C14002B81E4 /* AppCoordinator.swift */ = {isa = PBXFileReference; lastKnownFileType = sourcecode.swift; path = AppCoordinator.swift; sourceTree = "<group>"; };
		2B257F10230C3C1E002B81E4 /* TabCoordinator.swift */ = {isa = PBXFileReference; lastKnownFileType = sourcecode.swift; path = TabCoordinator.swift; sourceTree = "<group>"; };
		2B257F12230C3C26002B81E4 /* Screens.swift */ = {isa = PBXFileReference; lastKnownFileType = sourcecode.swift; path = Screens.swift; sourceTree = "<group>"; };
		2B257F16230C3CA2002B81E4 /* ResearchViewController.swift */ = {isa = PBXFileReference; lastKnownFileType = sourcecode.swift; path = ResearchViewController.swift; sourceTree = "<group>"; };
		2B257F18230C3CAC002B81E4 /* ResearchCoordinator.swift */ = {isa = PBXFileReference; lastKnownFileType = sourcecode.swift; path = ResearchCoordinator.swift; sourceTree = "<group>"; };
		2B257F1A230C3CBC002B81E4 /* FavoritesCoordinator.swift */ = {isa = PBXFileReference; lastKnownFileType = sourcecode.swift; path = FavoritesCoordinator.swift; sourceTree = "<group>"; };
		2B257F1C230C3CC8002B81E4 /* FavoritesViewController.swift */ = {isa = PBXFileReference; lastKnownFileType = sourcecode.swift; path = FavoritesViewController.swift; sourceTree = "<group>"; };
		2B5ED64B230C603400B7D33A /* Extensions.swift */ = {isa = PBXFileReference; lastKnownFileType = sourcecode.swift; path = Extensions.swift; sourceTree = "<group>"; };
/* End PBXFileReference section */

/* Begin PBXFrameworksBuildPhase section */
		2B257E69230C293C002B81E4 /* Frameworks */ = {
			isa = PBXFrameworksBuildPhase;
			buildActionMask = 2147483647;
			files = (
			);
			runOnlyForDeploymentPostprocessing = 0;
		};
		2B257E80230C293D002B81E4 /* Frameworks */ = {
			isa = PBXFrameworksBuildPhase;
			buildActionMask = 2147483647;
			files = (
			);
			runOnlyForDeploymentPostprocessing = 0;
		};
/* End PBXFrameworksBuildPhase section */

/* Begin PBXGroup section */
		2B257E63230C293C002B81E4 = {
			isa = PBXGroup;
			children = (
				2B257E6E230C293C002B81E4 /* Reciplease */,
				2B257E86230C293D002B81E4 /* RecipleaseTests */,
				2B257E6D230C293C002B81E4 /* Products */,
			);
			sourceTree = "<group>";
		};
		2B257E6D230C293C002B81E4 /* Products */ = {
			isa = PBXGroup;
			children = (
				2B257E6C230C293C002B81E4 /* Reciplease.app */,
				2B257E83230C293D002B81E4 /* RecipleaseTests.xctest */,
			);
			name = Products;
			sourceTree = "<group>";
		};
		2B257E6E230C293C002B81E4 /* Reciplease */ = {
			isa = PBXGroup;
			children = (
				2B257E92230C2956002B81E4 /* Source */,
				2B257E93230C2967002B81E4 /* Ressources */,
				2B257E76230C293C002B81E4 /* Reciplease.xcdatamodeld */,
			);
			path = Reciplease;
			sourceTree = "<group>";
		};
		2B257E86230C293D002B81E4 /* RecipleaseTests */ = {
			isa = PBXGroup;
			children = (
				2B257E87230C293D002B81E4 /* RecipleaseTests.swift */,
				2B257E89230C293D002B81E4 /* Info.plist */,
			);
			path = RecipleaseTests;
			sourceTree = "<group>";
		};
		2B257E92230C2956002B81E4 /* Source */ = {
			isa = PBXGroup;
			children = (
				2B257E73230C293C002B81E4 /* Main.storyboard */,
				2B257E6F230C293C002B81E4 /* AppDelegate.swift */,
				2B257F0E230C3C14002B81E4 /* AppCoordinator.swift */,
				2B257F10230C3C1E002B81E4 /* TabCoordinator.swift */,
				2B257F12230C3C26002B81E4 /* Screens.swift */,
				2B5ED64B230C603400B7D33A /* Extensions.swift */,
				2B257F14230C3C81002B81E4 /* Research */,
				2B257F15230C3C88002B81E4 /* Favorites */,
			);
			path = Source;
			sourceTree = "<group>";
		};
		2B257E93230C2967002B81E4 /* Ressources */ = {
			isa = PBXGroup;
			children = (
				2B257E79230C293D002B81E4 /* Assets.xcassets */,
				2B257E7B230C293D002B81E4 /* LaunchScreen.storyboard */,
				2B257E7E230C293D002B81E4 /* Info.plist */,
			);
			path = Ressources;
			sourceTree = "<group>";
		};
		2B257F14230C3C81002B81E4 /* Research */ = {
			isa = PBXGroup;
			children = (
				2B257F16230C3CA2002B81E4 /* ResearchViewController.swift */,
				2B257F18230C3CAC002B81E4 /* ResearchCoordinator.swift */,
			);
			path = Research;
			sourceTree = "<group>";
		};
		2B257F15230C3C88002B81E4 /* Favorites */ = {
			isa = PBXGroup;
			children = (
				2B257F1A230C3CBC002B81E4 /* FavoritesCoordinator.swift */,
				2B257F1C230C3CC8002B81E4 /* FavoritesViewController.swift */,
			);
			path = Favorites;
			sourceTree = "<group>";
		};
/* End PBXGroup section */

/* Begin PBXNativeTarget section */
		2B257E6B230C293C002B81E4 /* Reciplease */ = {
			isa = PBXNativeTarget;
			buildConfigurationList = 2B257E8C230C293D002B81E4 /* Build configuration list for PBXNativeTarget "Reciplease" */;
			buildPhases = (
				2B257E68230C293C002B81E4 /* Sources */,
				2B257E69230C293C002B81E4 /* Frameworks */,
				2B257E6A230C293C002B81E4 /* Resources */,
			);
			buildRules = (
			);
			dependencies = (
			);
			name = Reciplease;
			productName = Reciplease;
			productReference = 2B257E6C230C293C002B81E4 /* Reciplease.app */;
			productType = "com.apple.product-type.application";
		};
		2B257E82230C293D002B81E4 /* RecipleaseTests */ = {
			isa = PBXNativeTarget;
			buildConfigurationList = 2B257E8F230C293D002B81E4 /* Build configuration list for PBXNativeTarget "RecipleaseTests" */;
			buildPhases = (
				2B257E7F230C293D002B81E4 /* Sources */,
				2B257E80230C293D002B81E4 /* Frameworks */,
				2B257E81230C293D002B81E4 /* Resources */,
			);
			buildRules = (
			);
			dependencies = (
				2B257E85230C293D002B81E4 /* PBXTargetDependency */,
			);
			name = RecipleaseTests;
			productName = RecipleaseTests;
			productReference = 2B257E83230C293D002B81E4 /* RecipleaseTests.xctest */;
			productType = "com.apple.product-type.bundle.unit-test";
		};
/* End PBXNativeTarget section */

/* Begin PBXProject section */
		2B257E64230C293C002B81E4 /* Project object */ = {
			isa = PBXProject;
			attributes = {
				LastSwiftUpdateCheck = 1010;
				LastUpgradeCheck = 1010;
				ORGANIZATIONNAME = "Frederic Blanc";
				TargetAttributes = {
					2B257E6B230C293C002B81E4 = {
						CreatedOnToolsVersion = 10.1;
					};
					2B257E82230C293D002B81E4 = {
						CreatedOnToolsVersion = 10.1;
						TestTargetID = 2B257E6B230C293C002B81E4;
					};
				};
			};
			buildConfigurationList = 2B257E67230C293C002B81E4 /* Build configuration list for PBXProject "Reciplease" */;
			compatibilityVersion = "Xcode 9.3";
			developmentRegion = en;
			hasScannedForEncodings = 0;
			knownRegions = (
				en,
				Base,
			);
			mainGroup = 2B257E63230C293C002B81E4;
			productRefGroup = 2B257E6D230C293C002B81E4 /* Products */;
			projectDirPath = "";
			projectRoot = "";
			targets = (
				2B257E6B230C293C002B81E4 /* Reciplease */,
				2B257E82230C293D002B81E4 /* RecipleaseTests */,
			);
		};
/* End PBXProject section */

/* Begin PBXResourcesBuildPhase section */
		2B257E6A230C293C002B81E4 /* Resources */ = {
			isa = PBXResourcesBuildPhase;
			buildActionMask = 2147483647;
			files = (
				2B257E7D230C293D002B81E4 /* LaunchScreen.storyboard in Resources */,
				2B257E7A230C293D002B81E4 /* Assets.xcassets in Resources */,
				2B257E75230C293C002B81E4 /* Main.storyboard in Resources */,
			);
			runOnlyForDeploymentPostprocessing = 0;
		};
		2B257E81230C293D002B81E4 /* Resources */ = {
			isa = PBXResourcesBuildPhase;
			buildActionMask = 2147483647;
			files = (
			);
			runOnlyForDeploymentPostprocessing = 0;
		};
/* End PBXResourcesBuildPhase section */

/* Begin PBXSourcesBuildPhase section */
		2B257E68230C293C002B81E4 /* Sources */ = {
			isa = PBXSourcesBuildPhase;
			buildActionMask = 2147483647;
			files = (
				2B257F0F230C3C14002B81E4 /* AppCoordinator.swift in Sources */,
				2B257F1D230C3CC8002B81E4 /* FavoritesViewController.swift in Sources */,
				2B257F17230C3CA2002B81E4 /* ResearchViewController.swift in Sources */,
				2B257F13230C3C26002B81E4 /* Screens.swift in Sources */,
				2B257F19230C3CAC002B81E4 /* ResearchCoordinator.swift in Sources */,
				2B5ED64C230C603400B7D33A /* Extensions.swift in Sources */,
				2B257F1B230C3CBC002B81E4 /* FavoritesCoordinator.swift in Sources */,
				2B257E78230C293C002B81E4 /* Reciplease.xcdatamodeld in Sources */,
				2B257F11230C3C1E002B81E4 /* TabCoordinator.swift in Sources */,
				2B257E70230C293C002B81E4 /* AppDelegate.swift in Sources */,
			);
			runOnlyForDeploymentPostprocessing = 0;
		};
		2B257E7F230C293D002B81E4 /* Sources */ = {
			isa = PBXSourcesBuildPhase;
			buildActionMask = 2147483647;
			files = (
				2B257E88230C293D002B81E4 /* RecipleaseTests.swift in Sources */,
			);
			runOnlyForDeploymentPostprocessing = 0;
		};
/* End PBXSourcesBuildPhase section */

/* Begin PBXTargetDependency section */
		2B257E85230C293D002B81E4 /* PBXTargetDependency */ = {
			isa = PBXTargetDependency;
			target = 2B257E6B230C293C002B81E4 /* Reciplease */;
			targetProxy = 2B257E84230C293D002B81E4 /* PBXContainerItemProxy */;
		};
/* End PBXTargetDependency section */

/* Begin PBXVariantGroup section */
		2B257E73230C293C002B81E4 /* Main.storyboard */ = {
			isa = PBXVariantGroup;
			children = (
				2B257E74230C293C002B81E4 /* Base */,
			);
			name = Main.storyboard;
			sourceTree = "<group>";
		};
		2B257E7B230C293D002B81E4 /* LaunchScreen.storyboard */ = {
			isa = PBXVariantGroup;
			children = (
				2B257E7C230C293D002B81E4 /* Base */,
			);
			name = LaunchScreen.storyboard;
			sourceTree = "<group>";
		};
/* End PBXVariantGroup section */

/* Begin XCBuildConfiguration section */
		2B257E8A230C293D002B81E4 /* Debug */ = {
			isa = XCBuildConfiguration;
			buildSettings = {
				ALWAYS_SEARCH_USER_PATHS = NO;
				CLANG_ANALYZER_NONNULL = YES;
				CLANG_ANALYZER_NUMBER_OBJECT_CONVERSION = YES_AGGRESSIVE;
				CLANG_CXX_LANGUAGE_STANDARD = "gnu++14";
				CLANG_CXX_LIBRARY = "libc++";
				CLANG_ENABLE_MODULES = YES;
				CLANG_ENABLE_OBJC_ARC = YES;
				CLANG_ENABLE_OBJC_WEAK = YES;
				CLANG_WARN_BLOCK_CAPTURE_AUTORELEASING = YES;
				CLANG_WARN_BOOL_CONVERSION = YES;
				CLANG_WARN_COMMA = YES;
				CLANG_WARN_CONSTANT_CONVERSION = YES;
				CLANG_WARN_DEPRECATED_OBJC_IMPLEMENTATIONS = YES;
				CLANG_WARN_DIRECT_OBJC_ISA_USAGE = YES_ERROR;
				CLANG_WARN_DOCUMENTATION_COMMENTS = YES;
				CLANG_WARN_EMPTY_BODY = YES;
				CLANG_WARN_ENUM_CONVERSION = YES;
				CLANG_WARN_INFINITE_RECURSION = YES;
				CLANG_WARN_INT_CONVERSION = YES;
				CLANG_WARN_NON_LITERAL_NULL_CONVERSION = YES;
				CLANG_WARN_OBJC_IMPLICIT_RETAIN_SELF = YES;
				CLANG_WARN_OBJC_LITERAL_CONVERSION = YES;
				CLANG_WARN_OBJC_ROOT_CLASS = YES_ERROR;
				CLANG_WARN_RANGE_LOOP_ANALYSIS = YES;
				CLANG_WARN_STRICT_PROTOTYPES = YES;
				CLANG_WARN_SUSPICIOUS_MOVE = YES;
				CLANG_WARN_UNGUARDED_AVAILABILITY = YES_AGGRESSIVE;
				CLANG_WARN_UNREACHABLE_CODE = YES;
				CLANG_WARN__DUPLICATE_METHOD_MATCH = YES;
				CODE_SIGN_IDENTITY = "iPhone Developer";
				COPY_PHASE_STRIP = NO;
				DEBUG_INFORMATION_FORMAT = dwarf;
				ENABLE_STRICT_OBJC_MSGSEND = YES;
				ENABLE_TESTABILITY = YES;
				GCC_C_LANGUAGE_STANDARD = gnu11;
				GCC_DYNAMIC_NO_PIC = NO;
				GCC_NO_COMMON_BLOCKS = YES;
				GCC_OPTIMIZATION_LEVEL = 0;
				GCC_PREPROCESSOR_DEFINITIONS = (
					"DEBUG=1",
					"$(inherited)",
				);
				GCC_WARN_64_TO_32_BIT_CONVERSION = YES;
				GCC_WARN_ABOUT_RETURN_TYPE = YES_ERROR;
				GCC_WARN_UNDECLARED_SELECTOR = YES;
				GCC_WARN_UNINITIALIZED_AUTOS = YES_AGGRESSIVE;
				GCC_WARN_UNUSED_FUNCTION = YES;
				GCC_WARN_UNUSED_VARIABLE = YES;
				IPHONEOS_DEPLOYMENT_TARGET = 12.1;
				MTL_ENABLE_DEBUG_INFO = INCLUDE_SOURCE;
				MTL_FAST_MATH = YES;
				ONLY_ACTIVE_ARCH = YES;
				SDKROOT = iphoneos;
				SWIFT_ACTIVE_COMPILATION_CONDITIONS = DEBUG;
				SWIFT_OPTIMIZATION_LEVEL = "-Onone";
			};
			name = Debug;
		};
		2B257E8B230C293D002B81E4 /* Release */ = {
			isa = XCBuildConfiguration;
			buildSettings = {
				ALWAYS_SEARCH_USER_PATHS = NO;
				CLANG_ANALYZER_NONNULL = YES;
				CLANG_ANALYZER_NUMBER_OBJECT_CONVERSION = YES_AGGRESSIVE;
				CLANG_CXX_LANGUAGE_STANDARD = "gnu++14";
				CLANG_CXX_LIBRARY = "libc++";
				CLANG_ENABLE_MODULES = YES;
				CLANG_ENABLE_OBJC_ARC = YES;
				CLANG_ENABLE_OBJC_WEAK = YES;
				CLANG_WARN_BLOCK_CAPTURE_AUTORELEASING = YES;
				CLANG_WARN_BOOL_CONVERSION = YES;
				CLANG_WARN_COMMA = YES;
				CLANG_WARN_CONSTANT_CONVERSION = YES;
				CLANG_WARN_DEPRECATED_OBJC_IMPLEMENTATIONS = YES;
				CLANG_WARN_DIRECT_OBJC_ISA_USAGE = YES_ERROR;
				CLANG_WARN_DOCUMENTATION_COMMENTS = YES;
				CLANG_WARN_EMPTY_BODY = YES;
				CLANG_WARN_ENUM_CONVERSION = YES;
				CLANG_WARN_INFINITE_RECURSION = YES;
				CLANG_WARN_INT_CONVERSION = YES;
				CLANG_WARN_NON_LITERAL_NULL_CONVERSION = YES;
				CLANG_WARN_OBJC_IMPLICIT_RETAIN_SELF = YES;
				CLANG_WARN_OBJC_LITERAL_CONVERSION = YES;
				CLANG_WARN_OBJC_ROOT_CLASS = YES_ERROR;
				CLANG_WARN_RANGE_LOOP_ANALYSIS = YES;
				CLANG_WARN_STRICT_PROTOTYPES = YES;
				CLANG_WARN_SUSPICIOUS_MOVE = YES;
				CLANG_WARN_UNGUARDED_AVAILABILITY = YES_AGGRESSIVE;
				CLANG_WARN_UNREACHABLE_CODE = YES;
				CLANG_WARN__DUPLICATE_METHOD_MATCH = YES;
				CODE_SIGN_IDENTITY = "iPhone Developer";
				COPY_PHASE_STRIP = NO;
				DEBUG_INFORMATION_FORMAT = "dwarf-with-dsym";
				ENABLE_NS_ASSERTIONS = NO;
				ENABLE_STRICT_OBJC_MSGSEND = YES;
				GCC_C_LANGUAGE_STANDARD = gnu11;
				GCC_NO_COMMON_BLOCKS = YES;
				GCC_WARN_64_TO_32_BIT_CONVERSION = YES;
				GCC_WARN_ABOUT_RETURN_TYPE = YES_ERROR;
				GCC_WARN_UNDECLARED_SELECTOR = YES;
				GCC_WARN_UNINITIALIZED_AUTOS = YES_AGGRESSIVE;
				GCC_WARN_UNUSED_FUNCTION = YES;
				GCC_WARN_UNUSED_VARIABLE = YES;
				IPHONEOS_DEPLOYMENT_TARGET = 12.1;
				MTL_ENABLE_DEBUG_INFO = NO;
				MTL_FAST_MATH = YES;
				SDKROOT = iphoneos;
				SWIFT_COMPILATION_MODE = wholemodule;
				SWIFT_OPTIMIZATION_LEVEL = "-O";
				VALIDATE_PRODUCT = YES;
			};
			name = Release;
		};
		2B257E8D230C293D002B81E4 /* Debug */ = {
			isa = XCBuildConfiguration;
			buildSettings = {
				ASSETCATALOG_COMPILER_APPICON_NAME = AppIcon;
				CODE_SIGN_STYLE = Automatic;
				DEVELOPMENT_TEAM = 6377X6A483;
				INFOPLIST_FILE = Reciplease/Ressources/Info.plist;
				LD_RUNPATH_SEARCH_PATHS = (
					"$(inherited)",
					"@executable_path/Frameworks",
				);
				PRODUCT_BUNDLE_IDENTIFIER = fr.fredericblanc.Reciplease;
				PRODUCT_NAME = "$(TARGET_NAME)";
				SWIFT_VERSION = 4.2;
				TARGETED_DEVICE_FAMILY = "1,2";
			};
			name = Debug;
		};
		2B257E8E230C293D002B81E4 /* Release */ = {
			isa = XCBuildConfiguration;
			buildSettings = {
				ASSETCATALOG_COMPILER_APPICON_NAME = AppIcon;
				CODE_SIGN_STYLE = Automatic;
				DEVELOPMENT_TEAM = 6377X6A483;
				INFOPLIST_FILE = Reciplease/Ressources/Info.plist;
				LD_RUNPATH_SEARCH_PATHS = (
					"$(inherited)",
					"@executable_path/Frameworks",
				);
				PRODUCT_BUNDLE_IDENTIFIER = fr.fredericblanc.Reciplease;
				PRODUCT_NAME = "$(TARGET_NAME)";
				SWIFT_VERSION = 4.2;
				TARGETED_DEVICE_FAMILY = "1,2";
			};
			name = Release;
		};
		2B257E90230C293D002B81E4 /* Debug */ = {
			isa = XCBuildConfiguration;
			buildSettings = {
				ALWAYS_EMBED_SWIFT_STANDARD_LIBRARIES = YES;
				BUNDLE_LOADER = "$(TEST_HOST)";
				CODE_SIGN_STYLE = Automatic;
				DEVELOPMENT_TEAM = 6377X6A483;
				INFOPLIST_FILE = RecipleaseTests/Info.plist;
				LD_RUNPATH_SEARCH_PATHS = (
					"$(inherited)",
					"@executable_path/Frameworks",
					"@loader_path/Frameworks",
				);
				PRODUCT_BUNDLE_IDENTIFIER = fr.fredericblanc.RecipleaseTests;
				PRODUCT_NAME = "$(TARGET_NAME)";
				SWIFT_VERSION = 4.2;
				TARGETED_DEVICE_FAMILY = "1,2";
				TEST_HOST = "$(BUILT_PRODUCTS_DIR)/Reciplease.app/Reciplease";
			};
			name = Debug;
		};
		2B257E91230C293D002B81E4 /* Release */ = {
			isa = XCBuildConfiguration;
			buildSettings = {
				ALWAYS_EMBED_SWIFT_STANDARD_LIBRARIES = YES;
				BUNDLE_LOADER = "$(TEST_HOST)";
				CODE_SIGN_STYLE = Automatic;
				DEVELOPMENT_TEAM = 6377X6A483;
				INFOPLIST_FILE = RecipleaseTests/Info.plist;
				LD_RUNPATH_SEARCH_PATHS = (
					"$(inherited)",
					"@executable_path/Frameworks",
					"@loader_path/Frameworks",
				);
				PRODUCT_BUNDLE_IDENTIFIER = fr.fredericblanc.RecipleaseTests;
				PRODUCT_NAME = "$(TARGET_NAME)";
				SWIFT_VERSION = 4.2;
				TARGETED_DEVICE_FAMILY = "1,2";
				TEST_HOST = "$(BUILT_PRODUCTS_DIR)/Reciplease.app/Reciplease";
			};
			name = Release;
		};
/* End XCBuildConfiguration section */

/* Begin XCConfigurationList section */
		2B257E67230C293C002B81E4 /* Build configuration list for PBXProject "Reciplease" */ = {
			isa = XCConfigurationList;
			buildConfigurations = (
				2B257E8A230C293D002B81E4 /* Debug */,
				2B257E8B230C293D002B81E4 /* Release */,
			);
			defaultConfigurationIsVisible = 0;
			defaultConfigurationName = Release;
		};
		2B257E8C230C293D002B81E4 /* Build configuration list for PBXNativeTarget "Reciplease" */ = {
			isa = XCConfigurationList;
			buildConfigurations = (
				2B257E8D230C293D002B81E4 /* Debug */,
				2B257E8E230C293D002B81E4 /* Release */,
			);
			defaultConfigurationIsVisible = 0;
			defaultConfigurationName = Release;
		};
		2B257E8F230C293D002B81E4 /* Build configuration list for PBXNativeTarget "RecipleaseTests" */ = {
			isa = XCConfigurationList;
			buildConfigurations = (
				2B257E90230C293D002B81E4 /* Debug */,
				2B257E91230C293D002B81E4 /* Release */,
			);
			defaultConfigurationIsVisible = 0;
			defaultConfigurationName = Release;
		};
/* End XCConfigurationList section */

/* Begin XCVersionGroup section */
		2B257E76230C293C002B81E4 /* Reciplease.xcdatamodeld */ = {
			isa = XCVersionGroup;
			children = (
				2B257E77230C293C002B81E4 /* Reciplease.xcdatamodel */,
			);
			currentVersion = 2B257E77230C293C002B81E4 /* Reciplease.xcdatamodel */;
			path = Reciplease.xcdatamodeld;
			sourceTree = "<group>";
			versionGroupType = wrapper.xcdatamodel;
		};
/* End XCVersionGroup section */
	};
	rootObject = 2B257E64230C293C002B81E4 /* Project object */;
}
