// !$*UTF8*$!
{
	archiveVersion = 1;
	classes = {
	};
	objectVersion = 51;
	objects = {

/* Begin PBXBuildFile section */
		000527FB23111102002DC3F0 /* IngredientListTableDataSource.swift in Sources */ = {isa = PBXBuildFile; fileRef = 000527FA23111102002DC3F0 /* IngredientListTableDataSource.swift */; };
		000527FE23116509002DC3F0 /* NetworkRequest.swift in Sources */ = {isa = PBXBuildFile; fileRef = 000527FD23116509002DC3F0 /* NetworkRequest.swift */; };
		0005280023116512002DC3F0 /* Route.swift in Sources */ = {isa = PBXBuildFile; fileRef = 000527FF23116512002DC3F0 /* Route.swift */; };
		0039A447231683FC005DBB54 /* RecipeDetailDataSource.swift in Sources */ = {isa = PBXBuildFile; fileRef = 0039A446231683FC005DBB54 /* RecipeDetailDataSource.swift */; };
		0039A46E231933C2005DBB54 /* RecipeTableViewCell.swift in Sources */ = {isa = PBXBuildFile; fileRef = 0039A46D231933C2005DBB54 /* RecipeTableViewCell.swift */; };
		00560B5B2311754D002EF6F7 /* APIExample.rtf in Resources */ = {isa = PBXBuildFile; fileRef = 00560B5A2311754D002EF6F7 /* APIExample.rtf */; };
		00560B5E231180AB002EF6F7 /* Recipes.swift in Sources */ = {isa = PBXBuildFile; fileRef = 00560B5D231180AB002EF6F7 /* Recipes.swift */; };
		00560B6023118FD6002EF6F7 /* RecipeItem.swift in Sources */ = {isa = PBXBuildFile; fileRef = 00560B5F23118FD6002EF6F7 /* RecipeItem.swift */; };
		2B11338C2327603F00F5DDBD /* RecipeDetailRepository.swift in Sources */ = {isa = PBXBuildFile; fileRef = 2B11338B2327603F00F5DDBD /* RecipeDetailRepository.swift */; };
		2B257E70230C293C002B81E4 /* AppDelegate.swift in Sources */ = {isa = PBXBuildFile; fileRef = 2B257E6F230C293C002B81E4 /* AppDelegate.swift */; };
		2B257E75230C293C002B81E4 /* Main.storyboard in Resources */ = {isa = PBXBuildFile; fileRef = 2B257E73230C293C002B81E4 /* Main.storyboard */; };
		2B257E78230C293C002B81E4 /* Reciplease.xcdatamodeld in Sources */ = {isa = PBXBuildFile; fileRef = 2B257E76230C293C002B81E4 /* Reciplease.xcdatamodeld */; };
		2B257E7A230C293D002B81E4 /* Assets.xcassets in Resources */ = {isa = PBXBuildFile; fileRef = 2B257E79230C293D002B81E4 /* Assets.xcassets */; };
		2B257E7D230C293D002B81E4 /* LaunchScreen.storyboard in Resources */ = {isa = PBXBuildFile; fileRef = 2B257E7B230C293D002B81E4 /* LaunchScreen.storyboard */; };
		2B257E88230C293D002B81E4 /* RecipleaseTests.swift in Sources */ = {isa = PBXBuildFile; fileRef = 2B257E87230C293D002B81E4 /* RecipleaseTests.swift */; };
		2B257F0F230C3C14002B81E4 /* AppCoordinator.swift in Sources */ = {isa = PBXBuildFile; fileRef = 2B257F0E230C3C14002B81E4 /* AppCoordinator.swift */; };
		2B257F11230C3C1E002B81E4 /* TabCoordinator.swift in Sources */ = {isa = PBXBuildFile; fileRef = 2B257F10230C3C1E002B81E4 /* TabCoordinator.swift */; };
		2B257F13230C3C26002B81E4 /* Screens.swift in Sources */ = {isa = PBXBuildFile; fileRef = 2B257F12230C3C26002B81E4 /* Screens.swift */; };
		2B257F17230C3CA2002B81E4 /* SearchViewController.swift in Sources */ = {isa = PBXBuildFile; fileRef = 2B257F16230C3CA2002B81E4 /* SearchViewController.swift */; };
		2B257F19230C3CAC002B81E4 /* SearchCoordinator.swift in Sources */ = {isa = PBXBuildFile; fileRef = 2B257F18230C3CAC002B81E4 /* SearchCoordinator.swift */; };
		2B257F1B230C3CBC002B81E4 /* FavoritesCoordinator.swift in Sources */ = {isa = PBXBuildFile; fileRef = 2B257F1A230C3CBC002B81E4 /* FavoritesCoordinator.swift */; };
		2B2ADC8C23141457002CE278 /* RecipesListDataSource.swift in Sources */ = {isa = PBXBuildFile; fileRef = 2B2ADC8B23141457002CE278 /* RecipesListDataSource.swift */; };
		2B5ED64C230C603400B7D33A /* ExtensionsProtocols.swift in Sources */ = {isa = PBXBuildFile; fileRef = 2B5ED64B230C603400B7D33A /* ExtensionsProtocols.swift */; };
		2B5ED64E230D039C00B7D33A /* RecipesListViewController.swift in Sources */ = {isa = PBXBuildFile; fileRef = 2B5ED64D230D039C00B7D33A /* RecipesListViewController.swift */; };
		2B5ED650230D03E600B7D33A /* RecipeDetailViewController.swift in Sources */ = {isa = PBXBuildFile; fileRef = 2B5ED64F230D03E600B7D33A /* RecipeDetailViewController.swift */; };
		2B5ED652230D040700B7D33A /* SearchViewModel.swift in Sources */ = {isa = PBXBuildFile; fileRef = 2B5ED651230D040700B7D33A /* SearchViewModel.swift */; };
		2B5ED654230D044100B7D33A /* RecipesListViewModel.swift in Sources */ = {isa = PBXBuildFile; fileRef = 2B5ED653230D044100B7D33A /* RecipesListViewModel.swift */; };
		2B5ED656230D045000B7D33A /* RecipeDetailViewModel.swift in Sources */ = {isa = PBXBuildFile; fileRef = 2B5ED655230D045000B7D33A /* RecipeDetailViewModel.swift */; };
		2BC6173523214811005D0AAC /* RecipeObject+CoreDataClass copy.swift in Sources */ = {isa = PBXBuildFile; fileRef = 2BC6173323214811005D0AAC /* RecipeObject+CoreDataClass copy.swift */; };
		2FEEC415230FCE4200DC6D72 /* RecipeRepository.swift in Sources */ = {isa = PBXBuildFile; fileRef = 2FEEC414230FCE4200DC6D72 /* RecipeRepository.swift */; };
		526801AE60CFE77162454CF6 /* Pods_Reciplease.framework in Frameworks */ = {isa = PBXBuildFile; fileRef = 60A4FEFE82652B389081C7AA /* Pods_Reciplease.framework */; };
/* End PBXBuildFile section */

/* Begin PBXContainerItemProxy section */
		2B257E84230C293D002B81E4 /* PBXContainerItemProxy */ = {
			isa = PBXContainerItemProxy;
			containerPortal = 2B257E64230C293C002B81E4 /* Project object */;
			proxyType = 1;
			remoteGlobalIDString = 2B257E6B230C293C002B81E4;
			remoteInfo = Reciplease;
		};
/* End PBXContainerItemProxy section */

/* Begin PBXFileReference section */
		000527FA23111102002DC3F0 /* IngredientListTableDataSource.swift */ = {isa = PBXFileReference; lastKnownFileType = sourcecode.swift; path = IngredientListTableDataSource.swift; sourceTree = "<group>"; };
		000527FD23116509002DC3F0 /* NetworkRequest.swift */ = {isa = PBXFileReference; lastKnownFileType = sourcecode.swift; path = NetworkRequest.swift; sourceTree = "<group>"; };
		000527FF23116512002DC3F0 /* Route.swift */ = {isa = PBXFileReference; lastKnownFileType = sourcecode.swift; path = Route.swift; sourceTree = "<group>"; };
		0039A446231683FC005DBB54 /* RecipeDetailDataSource.swift */ = {isa = PBXFileReference; lastKnownFileType = sourcecode.swift; path = RecipeDetailDataSource.swift; sourceTree = "<group>"; };
		0039A46D231933C2005DBB54 /* RecipeTableViewCell.swift */ = {isa = PBXFileReference; lastKnownFileType = sourcecode.swift; path = RecipeTableViewCell.swift; sourceTree = "<group>"; };
		00560B5A2311754D002EF6F7 /* APIExample.rtf */ = {isa = PBXFileReference; fileEncoding = 4; lastKnownFileType = text.rtf; path = APIExample.rtf; sourceTree = "<group>"; };
		00560B5D231180AB002EF6F7 /* Recipes.swift */ = {isa = PBXFileReference; lastKnownFileType = sourcecode.swift; path = Recipes.swift; sourceTree = "<group>"; };
		00560B5F23118FD6002EF6F7 /* RecipeItem.swift */ = {isa = PBXFileReference; lastKnownFileType = sourcecode.swift; path = RecipeItem.swift; sourceTree = "<group>"; };
		1D7DAA94F492DFAFA90CD3B2 /* Pods-Reciplease.release.xcconfig */ = {isa = PBXFileReference; includeInIndex = 1; lastKnownFileType = text.xcconfig; name = "Pods-Reciplease.release.xcconfig"; path = "Target Support Files/Pods-Reciplease/Pods-Reciplease.release.xcconfig"; sourceTree = "<group>"; };
		2B11338B2327603F00F5DDBD /* RecipeDetailRepository.swift */ = {isa = PBXFileReference; lastKnownFileType = sourcecode.swift; path = RecipeDetailRepository.swift; sourceTree = "<group>"; };
		2B257E6C230C293C002B81E4 /* Reciplease.app */ = {isa = PBXFileReference; explicitFileType = wrapper.application; includeInIndex = 0; path = Reciplease.app; sourceTree = BUILT_PRODUCTS_DIR; };
		2B257E6F230C293C002B81E4 /* AppDelegate.swift */ = {isa = PBXFileReference; lastKnownFileType = sourcecode.swift; path = AppDelegate.swift; sourceTree = "<group>"; };
		2B257E74230C293C002B81E4 /* Base */ = {isa = PBXFileReference; lastKnownFileType = file.storyboard; name = Base; path = Base.lproj/Main.storyboard; sourceTree = "<group>"; };
		2B257E77230C293C002B81E4 /* Reciplease.xcdatamodel */ = {isa = PBXFileReference; lastKnownFileType = wrapper.xcdatamodel; path = Reciplease.xcdatamodel; sourceTree = "<group>"; };
		2B257E79230C293D002B81E4 /* Assets.xcassets */ = {isa = PBXFileReference; lastKnownFileType = folder.assetcatalog; path = Assets.xcassets; sourceTree = "<group>"; };
		2B257E7C230C293D002B81E4 /* Base */ = {isa = PBXFileReference; lastKnownFileType = file.storyboard; name = Base; path = Base.lproj/LaunchScreen.storyboard; sourceTree = "<group>"; };
		2B257E7E230C293D002B81E4 /* Info.plist */ = {isa = PBXFileReference; lastKnownFileType = text.plist.xml; path = Info.plist; sourceTree = "<group>"; };
		2B257E83230C293D002B81E4 /* RecipleaseTests.xctest */ = {isa = PBXFileReference; explicitFileType = wrapper.cfbundle; includeInIndex = 0; path = RecipleaseTests.xctest; sourceTree = BUILT_PRODUCTS_DIR; };
		2B257E87230C293D002B81E4 /* RecipleaseTests.swift */ = {isa = PBXFileReference; lastKnownFileType = sourcecode.swift; path = RecipleaseTests.swift; sourceTree = "<group>"; };
		2B257E89230C293D002B81E4 /* Info.plist */ = {isa = PBXFileReference; lastKnownFileType = text.plist.xml; path = Info.plist; sourceTree = "<group>"; };
		2B257F0E230C3C14002B81E4 /* AppCoordinator.swift */ = {isa = PBXFileReference; lastKnownFileType = sourcecode.swift; path = AppCoordinator.swift; sourceTree = "<group>"; };
		2B257F10230C3C1E002B81E4 /* TabCoordinator.swift */ = {isa = PBXFileReference; lastKnownFileType = sourcecode.swift; path = TabCoordinator.swift; sourceTree = "<group>"; };
		2B257F12230C3C26002B81E4 /* Screens.swift */ = {isa = PBXFileReference; lastKnownFileType = sourcecode.swift; path = Screens.swift; sourceTree = "<group>"; };
		2B257F16230C3CA2002B81E4 /* SearchViewController.swift */ = {isa = PBXFileReference; lastKnownFileType = sourcecode.swift; path = SearchViewController.swift; sourceTree = "<group>"; };
		2B257F18230C3CAC002B81E4 /* SearchCoordinator.swift */ = {isa = PBXFileReference; lastKnownFileType = sourcecode.swift; path = SearchCoordinator.swift; sourceTree = "<group>"; };
		2B257F1A230C3CBC002B81E4 /* FavoritesCoordinator.swift */ = {isa = PBXFileReference; lastKnownFileType = sourcecode.swift; path = FavoritesCoordinator.swift; sourceTree = "<group>"; };
		2B2ADC8B23141457002CE278 /* RecipesListDataSource.swift */ = {isa = PBXFileReference; lastKnownFileType = sourcecode.swift; path = RecipesListDataSource.swift; sourceTree = "<group>"; };
		2B5ED64B230C603400B7D33A /* ExtensionsProtocols.swift */ = {isa = PBXFileReference; lastKnownFileType = sourcecode.swift; path = ExtensionsProtocols.swift; sourceTree = "<group>"; };
		2B5ED64D230D039C00B7D33A /* RecipesListViewController.swift */ = {isa = PBXFileReference; lastKnownFileType = sourcecode.swift; path = RecipesListViewController.swift; sourceTree = "<group>"; };
		2B5ED64F230D03E600B7D33A /* RecipeDetailViewController.swift */ = {isa = PBXFileReference; lastKnownFileType = sourcecode.swift; path = RecipeDetailViewController.swift; sourceTree = "<group>"; };
		2B5ED651230D040700B7D33A /* SearchViewModel.swift */ = {isa = PBXFileReference; lastKnownFileType = sourcecode.swift; path = SearchViewModel.swift; sourceTree = "<group>"; };
		2B5ED653230D044100B7D33A /* RecipesListViewModel.swift */ = {isa = PBXFileReference; lastKnownFileType = sourcecode.swift; path = RecipesListViewModel.swift; sourceTree = "<group>"; };
		2B5ED655230D045000B7D33A /* RecipeDetailViewModel.swift */ = {isa = PBXFileReference; lastKnownFileType = sourcecode.swift; path = RecipeDetailViewModel.swift; sourceTree = "<group>"; };
		2BC6173323214811005D0AAC /* RecipeObject+CoreDataClass copy.swift */ = {isa = PBXFileReference; fileEncoding = 4; lastKnownFileType = sourcecode.swift; path = "RecipeObject+CoreDataClass copy.swift"; sourceTree = "<group>"; };
		2FEEC414230FCE4200DC6D72 /* RecipeRepository.swift */ = {isa = PBXFileReference; lastKnownFileType = sourcecode.swift; path = RecipeRepository.swift; sourceTree = "<group>"; };
		60A4FEFE82652B389081C7AA /* Pods_Reciplease.framework */ = {isa = PBXFileReference; explicitFileType = wrapper.framework; includeInIndex = 0; path = Pods_Reciplease.framework; sourceTree = BUILT_PRODUCTS_DIR; };
		F0EBDB8481450FB445502D53 /* Pods-Reciplease.debug.xcconfig */ = {isa = PBXFileReference; includeInIndex = 1; lastKnownFileType = text.xcconfig; name = "Pods-Reciplease.debug.xcconfig"; path = "Target Support Files/Pods-Reciplease/Pods-Reciplease.debug.xcconfig"; sourceTree = "<group>"; };
/* End PBXFileReference section */

/* Begin PBXFrameworksBuildPhase section */
		2B257E69230C293C002B81E4 /* Frameworks */ = {
			isa = PBXFrameworksBuildPhase;
			buildActionMask = 2147483647;
			files = (
				526801AE60CFE77162454CF6 /* Pods_Reciplease.framework in Frameworks */,
			);
			runOnlyForDeploymentPostprocessing = 0;
		};
		2B257E80230C293D002B81E4 /* Frameworks */ = {
			isa = PBXFrameworksBuildPhase;
			buildActionMask = 2147483647;
			files = (
			);
			runOnlyForDeploymentPostprocessing = 0;
		};
/* End PBXFrameworksBuildPhase section */

/* Begin PBXGroup section */
		000527FC23113F1C002DC3F0 /* Network */ = {
			isa = PBXGroup;
			children = (
				00560B5A2311754D002EF6F7 /* APIExample.rtf */,
				000527FD23116509002DC3F0 /* NetworkRequest.swift */,
				000527FF23116512002DC3F0 /* Route.swift */,
			);
			path = Network;
			sourceTree = "<group>";
		};
		0039A46923190A90005DBB54 /* Flow */ = {
			isa = PBXGroup;
			children = (
				0039A46A23190AC8005DBB54 /* Research */,
			);
			path = Flow;
			sourceTree = "<group>";
		};
		0039A46A23190AC8005DBB54 /* Research */ = {
			isa = PBXGroup;
			children = (
				2B257F16230C3CA2002B81E4 /* SearchViewController.swift */,
				2B5ED651230D040700B7D33A /* SearchViewModel.swift */,
				000527FA23111102002DC3F0 /* IngredientListTableDataSource.swift */,
			);
			path = Research;
			sourceTree = "<group>";
		};
		00560B5C2311809D002EF6F7 /* Model */ = {
			isa = PBXGroup;
			children = (
				2BC6173323214811005D0AAC /* RecipeObject+CoreDataClass copy.swift */,
				00560B5D231180AB002EF6F7 /* Recipes.swift */,
				00560B5F23118FD6002EF6F7 /* RecipeItem.swift */,
			);
			path = Model;
			sourceTree = "<group>";
		};
		282945EBB6797D2900F914BB /* Pods */ = {
			isa = PBXGroup;
			children = (
				F0EBDB8481450FB445502D53 /* Pods-Reciplease.debug.xcconfig */,
				1D7DAA94F492DFAFA90CD3B2 /* Pods-Reciplease.release.xcconfig */,
			);
			path = Pods;
			sourceTree = "<group>";
		};
		2B257E63230C293C002B81E4 = {
			isa = PBXGroup;
			children = (
				2B257E6E230C293C002B81E4 /* Reciplease */,
				2B257E86230C293D002B81E4 /* RecipleaseTests */,
				2B257E6D230C293C002B81E4 /* Products */,
				282945EBB6797D2900F914BB /* Pods */,
				9D6FFD8BE18AB46A4B6C0213 /* Frameworks */,
			);
			sourceTree = "<group>";
		};
		2B257E6D230C293C002B81E4 /* Products */ = {
			isa = PBXGroup;
			children = (
				2B257E6C230C293C002B81E4 /* Reciplease.app */,
				2B257E83230C293D002B81E4 /* RecipleaseTests.xctest */,
			);
			name = Products;
			sourceTree = "<group>";
		};
		2B257E6E230C293C002B81E4 /* Reciplease */ = {
			isa = PBXGroup;
			children = (
				2B257E92230C2956002B81E4 /* Source */,
				2B257E93230C2967002B81E4 /* Ressources */,
				000527FC23113F1C002DC3F0 /* Network */,
				2B257E76230C293C002B81E4 /* Reciplease.xcdatamodeld */,
			);
			path = Reciplease;
			sourceTree = "<group>";
		};
		2B257E86230C293D002B81E4 /* RecipleaseTests */ = {
			isa = PBXGroup;
			children = (
				2B257E87230C293D002B81E4 /* RecipleaseTests.swift */,
				2B257E89230C293D002B81E4 /* Info.plist */,
			);
			path = RecipleaseTests;
			sourceTree = "<group>";
		};
		2B257E92230C2956002B81E4 /* Source */ = {
			isa = PBXGroup;
			children = (
				2B257E6F230C293C002B81E4 /* AppDelegate.swift */,
				2B257F0E230C3C14002B81E4 /* AppCoordinator.swift */,
				2B257E73230C293C002B81E4 /* Main.storyboard */,
				2B257F10230C3C1E002B81E4 /* TabCoordinator.swift */,
				2B257F12230C3C26002B81E4 /* Screens.swift */,
				2B5ED64B230C603400B7D33A /* ExtensionsProtocols.swift */,
				2FEEC414230FCE4200DC6D72 /* RecipeRepository.swift */,
				2B257F14230C3C81002B81E4 /* Search */,
				2B257F15230C3C88002B81E4 /* Favorites */,
				2FEEC40F230FCDD400DC6D72 /* Recipes */,
			);
			path = Source;
			sourceTree = "<group>";
		};
		2B257E93230C2967002B81E4 /* Ressources */ = {
			isa = PBXGroup;
			children = (
				2B257E79230C293D002B81E4 /* Assets.xcassets */,
				2B257E7B230C293D002B81E4 /* LaunchScreen.storyboard */,
				2B257E7E230C293D002B81E4 /* Info.plist */,
			);
			path = Ressources;
			sourceTree = "<group>";
		};
		2B257F14230C3C81002B81E4 /* Search */ = {
			isa = PBXGroup;
			children = (
				2B257F18230C3CAC002B81E4 /* SearchCoordinator.swift */,
				0039A46923190A90005DBB54 /* Flow */,
				00560B5C2311809D002EF6F7 /* Model */,
			);
			path = Search;
			sourceTree = "<group>";
		};
		2B257F15230C3C88002B81E4 /* Favorites */ = {
			isa = PBXGroup;
			children = (
				2B257F1A230C3CBC002B81E4 /* FavoritesCoordinator.swift */,
			);
			path = Favorites;
			sourceTree = "<group>";
		};
		2F5EDFEB230D77F900108421 /* List */ = {
			isa = PBXGroup;
			children = (
				2B5ED64D230D039C00B7D33A /* RecipesListViewController.swift */,
				2B5ED653230D044100B7D33A /* RecipesListViewModel.swift */,
				2B2ADC8B23141457002CE278 /* RecipesListDataSource.swift */,
				0039A46D231933C2005DBB54 /* RecipeTableViewCell.swift */,
			);
			path = List;
			sourceTree = "<group>";
		};
		2F5EDFEC230D780100108421 /* Details */ = {
			isa = PBXGroup;
			children = (
				2B5ED64F230D03E600B7D33A /* RecipeDetailViewController.swift */,
				2B11338B2327603F00F5DDBD /* RecipeDetailRepository.swift */,
				2B5ED655230D045000B7D33A /* RecipeDetailViewModel.swift */,
				0039A446231683FC005DBB54 /* RecipeDetailDataSource.swift */,
			);
			path = Details;
			sourceTree = "<group>";
		};
		2FEEC40F230FCDD400DC6D72 /* Recipes */ = {
			isa = PBXGroup;
			children = (
				2F5EDFEB230D77F900108421 /* List */,
				2F5EDFEC230D780100108421 /* Details */,
			);
			path = Recipes;
			sourceTree = "<group>";
		};
		9D6FFD8BE18AB46A4B6C0213 /* Frameworks */ = {
			isa = PBXGroup;
			children = (
				60A4FEFE82652B389081C7AA /* Pods_Reciplease.framework */,
			);
			name = Frameworks;
			sourceTree = "<group>";
		};
/* End PBXGroup section */

/* Begin PBXNativeTarget section */
		2B257E6B230C293C002B81E4 /* Reciplease */ = {
			isa = PBXNativeTarget;
			buildConfigurationList = 2B257E8C230C293D002B81E4 /* Build configuration list for PBXNativeTarget "Reciplease" */;
			buildPhases = (
				71598A2F8DD3BB40B815B208 /* [CP] Check Pods Manifest.lock */,
				2B257E68230C293C002B81E4 /* Sources */,
				2B257E69230C293C002B81E4 /* Frameworks */,
				2B257E6A230C293C002B81E4 /* Resources */,
				4546D931A02DADBE7534F5DB /* [CP] Embed Pods Frameworks */,
			);
			buildRules = (
			);
			dependencies = (
			);
			name = Reciplease;
			productName = Reciplease;
			productReference = 2B257E6C230C293C002B81E4 /* Reciplease.app */;
			productType = "com.apple.product-type.application";
		};
		2B257E82230C293D002B81E4 /* RecipleaseTests */ = {
			isa = PBXNativeTarget;
			buildConfigurationList = 2B257E8F230C293D002B81E4 /* Build configuration list for PBXNativeTarget "RecipleaseTests" */;
			buildPhases = (
				2B257E7F230C293D002B81E4 /* Sources */,
				2B257E80230C293D002B81E4 /* Frameworks */,
				2B257E81230C293D002B81E4 /* Resources */,
			);
			buildRules = (
			);
			dependencies = (
				2B257E85230C293D002B81E4 /* PBXTargetDependency */,
			);
			name = RecipleaseTests;
			productName = RecipleaseTests;
			productReference = 2B257E83230C293D002B81E4 /* RecipleaseTests.xctest */;
			productType = "com.apple.product-type.bundle.unit-test";
		};
/* End PBXNativeTarget section */

/* Begin PBXProject section */
		2B257E64230C293C002B81E4 /* Project object */ = {
			isa = PBXProject;
			attributes = {
				LastSwiftUpdateCheck = 1010;
				LastUpgradeCheck = 1010;
				ORGANIZATIONNAME = "Frederic Blanc";
				TargetAttributes = {
					2B257E6B230C293C002B81E4 = {
						CreatedOnToolsVersion = 10.1;
					};
					2B257E82230C293D002B81E4 = {
						CreatedOnToolsVersion = 10.1;
						TestTargetID = 2B257E6B230C293C002B81E4;
					};
				};
			};
			buildConfigurationList = 2B257E67230C293C002B81E4 /* Build configuration list for PBXProject "Reciplease" */;
			compatibilityVersion = "Xcode 9.3";
			developmentRegion = en;
			hasScannedForEncodings = 0;
			knownRegions = (
				en,
				Base,
			);
			mainGroup = 2B257E63230C293C002B81E4;
			productRefGroup = 2B257E6D230C293C002B81E4 /* Products */;
			projectDirPath = "";
			projectRoot = "";
			targets = (
				2B257E6B230C293C002B81E4 /* Reciplease */,
				2B257E82230C293D002B81E4 /* RecipleaseTests */,
			);
		};
/* End PBXProject section */

/* Begin PBXResourcesBuildPhase section */
		2B257E6A230C293C002B81E4 /* Resources */ = {
			isa = PBXResourcesBuildPhase;
			buildActionMask = 2147483647;
			files = (
				2B257E7D230C293D002B81E4 /* LaunchScreen.storyboard in Resources */,
				2B257E7A230C293D002B81E4 /* Assets.xcassets in Resources */,
				00560B5B2311754D002EF6F7 /* APIExample.rtf in Resources */,
				2B257E75230C293C002B81E4 /* Main.storyboard in Resources */,
			);
			runOnlyForDeploymentPostprocessing = 0;
		};
		2B257E81230C293D002B81E4 /* Resources */ = {
			isa = PBXResourcesBuildPhase;
			buildActionMask = 2147483647;
			files = (
			);
			runOnlyForDeploymentPostprocessing = 0;
		};
/* End PBXResourcesBuildPhase section */

/* Begin PBXShellScriptBuildPhase section */
		4546D931A02DADBE7534F5DB /* [CP] Embed Pods Frameworks */ = {
			isa = PBXShellScriptBuildPhase;
			buildActionMask = 2147483647;
			files = (
			);
			inputFileListPaths = (
				"${PODS_ROOT}/Target Support Files/Pods-Reciplease/Pods-Reciplease-frameworks-${CONFIGURATION}-input-files.xcfilelist",
			);
			name = "[CP] Embed Pods Frameworks";
			outputFileListPaths = (
				"${PODS_ROOT}/Target Support Files/Pods-Reciplease/Pods-Reciplease-frameworks-${CONFIGURATION}-output-files.xcfilelist",
			);
			runOnlyForDeploymentPostprocessing = 0;
			shellPath = /bin/sh;
			shellScript = "\"${PODS_ROOT}/Target Support Files/Pods-Reciplease/Pods-Reciplease-frameworks.sh\"\n";
			showEnvVarsInLog = 0;
		};
		71598A2F8DD3BB40B815B208 /* [CP] Check Pods Manifest.lock */ = {
			isa = PBXShellScriptBuildPhase;
			buildActionMask = 2147483647;
			files = (
			);
			inputFileListPaths = (
			);
			inputPaths = (
				"${PODS_PODFILE_DIR_PATH}/Podfile.lock",
				"${PODS_ROOT}/Manifest.lock",
			);
			name = "[CP] Check Pods Manifest.lock";
			outputFileListPaths = (
			);
			outputPaths = (
				"$(DERIVED_FILE_DIR)/Pods-Reciplease-checkManifestLockResult.txt",
			);
			runOnlyForDeploymentPostprocessing = 0;
			shellPath = /bin/sh;
			shellScript = "diff \"${PODS_PODFILE_DIR_PATH}/Podfile.lock\" \"${PODS_ROOT}/Manifest.lock\" > /dev/null\nif [ $? != 0 ] ; then\n    # print error to STDERR\n    echo \"error: The sandbox is not in sync with the Podfile.lock. Run 'pod install' or update your CocoaPods installation.\" >&2\n    exit 1\nfi\n# This output is used by Xcode 'outputs' to avoid re-running this script phase.\necho \"SUCCESS\" > \"${SCRIPT_OUTPUT_FILE_0}\"\n";
			showEnvVarsInLog = 0;
		};
/* End PBXShellScriptBuildPhase section */

/* Begin PBXSourcesBuildPhase section */
		2B257E68230C293C002B81E4 /* Sources */ = {
			isa = PBXSourcesBuildPhase;
			buildActionMask = 2147483647;
			files = (
				2B5ED656230D045000B7D33A /* RecipeDetailViewModel.swift in Sources */,
				2FEEC415230FCE4200DC6D72 /* RecipeRepository.swift in Sources */,
				00560B6023118FD6002EF6F7 /* RecipeItem.swift in Sources */,
				000527FB23111102002DC3F0 /* IngredientListTableDataSource.swift in Sources */,
				2B257F0F230C3C14002B81E4 /* AppCoordinator.swift in Sources */,
				2B257F17230C3CA2002B81E4 /* SearchViewController.swift in Sources */,
				2B5ED650230D03E600B7D33A /* RecipeDetailViewController.swift in Sources */,
				2B257F13230C3C26002B81E4 /* Screens.swift in Sources */,
				000527FE23116509002DC3F0 /* NetworkRequest.swift in Sources */,
				2B257F19230C3CAC002B81E4 /* SearchCoordinator.swift in Sources */,
				2B5ED64C230C603400B7D33A /* ExtensionsProtocols.swift in Sources */,
				2B257F1B230C3CBC002B81E4 /* FavoritesCoordinator.swift in Sources */,
				0039A46E231933C2005DBB54 /* RecipeTableViewCell.swift in Sources */,
				2B257E78230C293C002B81E4 /* Reciplease.xcdatamodeld in Sources */,
				2B257F11230C3C1E002B81E4 /* TabCoordinator.swift in Sources */,
				0005280023116512002DC3F0 /* Route.swift in Sources */,
				2B5ED654230D044100B7D33A /* RecipesListViewModel.swift in Sources */,
				2B5ED652230D040700B7D33A /* SearchViewModel.swift in Sources */,
				2B11338C2327603F00F5DDBD /* RecipeDetailRepository.swift in Sources */,
				0039A447231683FC005DBB54 /* RecipeDetailDataSource.swift in Sources */,
				2B5ED64E230D039C00B7D33A /* RecipesListViewController.swift in Sources */,
				00560B5E231180AB002EF6F7 /* Recipes.swift in Sources */,
				2B257E70230C293C002B81E4 /* AppDelegate.swift in Sources */,
				2B2ADC8C23141457002CE278 /* RecipesListDataSource.swift in Sources */,
				2BC6173523214811005D0AAC /* RecipeObject+CoreDataClass copy.swift in Sources */,
			);
			runOnlyForDeploymentPostprocessing = 0;
		};
		2B257E7F230C293D002B81E4 /* Sources */ = {
			isa = PBXSourcesBuildPhase;
			buildActionMask = 2147483647;
			files = (
				2B257E88230C293D002B81E4 /* RecipleaseTests.swift in Sources */,
			);
			runOnlyForDeploymentPostprocessing = 0;
		};
/* End PBXSourcesBuildPhase section */

/* Begin PBXTargetDependency section */
		2B257E85230C293D002B81E4 /* PBXTargetDependency */ = {
			isa = PBXTargetDependency;
			target = 2B257E6B230C293C002B81E4 /* Reciplease */;
			targetProxy = 2B257E84230C293D002B81E4 /* PBXContainerItemProxy */;
		};
/* End PBXTargetDependency section */

/* Begin PBXVariantGroup section */
		2B257E73230C293C002B81E4 /* Main.storyboard */ = {
			isa = PBXVariantGroup;
			children = (
				2B257E74230C293C002B81E4 /* Base */,
			);
			name = Main.storyboard;
			sourceTree = "<group>";
		};
		2B257E7B230C293D002B81E4 /* LaunchScreen.storyboard */ = {
			isa = PBXVariantGroup;
			children = (
				2B257E7C230C293D002B81E4 /* Base */,
			);
			name = LaunchScreen.storyboard;
			sourceTree = "<group>";
		};
/* End PBXVariantGroup section */

/* Begin XCBuildConfiguration section */
		2B257E8A230C293D002B81E4 /* Debug */ = {
			isa = XCBuildConfiguration;
			buildSettings = {
				ALWAYS_SEARCH_USER_PATHS = NO;
				CLANG_ANALYZER_NONNULL = YES;
				CLANG_ANALYZER_NUMBER_OBJECT_CONVERSION = YES_AGGRESSIVE;
				CLANG_CXX_LANGUAGE_STANDARD = "gnu++14";
				CLANG_CXX_LIBRARY = "libc++";
				CLANG_ENABLE_MODULES = YES;
				CLANG_ENABLE_OBJC_ARC = YES;
				CLANG_ENABLE_OBJC_WEAK = YES;
				CLANG_WARN_BLOCK_CAPTURE_AUTORELEASING = YES;
				CLANG_WARN_BOOL_CONVERSION = YES;
				CLANG_WARN_COMMA = YES;
				CLANG_WARN_CONSTANT_CONVERSION = YES;
				CLANG_WARN_DEPRECATED_OBJC_IMPLEMENTATIONS = YES;
				CLANG_WARN_DIRECT_OBJC_ISA_USAGE = YES_ERROR;
				CLANG_WARN_DOCUMENTATION_COMMENTS = YES;
				CLANG_WARN_EMPTY_BODY = YES;
				CLANG_WARN_ENUM_CONVERSION = YES;
				CLANG_WARN_INFINITE_RECURSION = YES;
				CLANG_WARN_INT_CONVERSION = YES;
				CLANG_WARN_NON_LITERAL_NULL_CONVERSION = YES;
				CLANG_WARN_OBJC_IMPLICIT_RETAIN_SELF = YES;
				CLANG_WARN_OBJC_LITERAL_CONVERSION = YES;
				CLANG_WARN_OBJC_ROOT_CLASS = YES_ERROR;
				CLANG_WARN_RANGE_LOOP_ANALYSIS = YES;
				CLANG_WARN_STRICT_PROTOTYPES = YES;
				CLANG_WARN_SUSPICIOUS_MOVE = YES;
				CLANG_WARN_UNGUARDED_AVAILABILITY = YES_AGGRESSIVE;
				CLANG_WARN_UNREACHABLE_CODE = YES;
				CLANG_WARN__DUPLICATE_METHOD_MATCH = YES;
				CODE_SIGN_IDENTITY = "iPhone Developer";
				COPY_PHASE_STRIP = NO;
				DEBUG_INFORMATION_FORMAT = dwarf;
				ENABLE_STRICT_OBJC_MSGSEND = YES;
				ENABLE_TESTABILITY = YES;
				GCC_C_LANGUAGE_STANDARD = gnu11;
				GCC_DYNAMIC_NO_PIC = NO;
				GCC_NO_COMMON_BLOCKS = YES;
				GCC_OPTIMIZATION_LEVEL = 0;
				GCC_PREPROCESSOR_DEFINITIONS = (
					"DEBUG=1",
					"$(inherited)",
				);
				GCC_WARN_64_TO_32_BIT_CONVERSION = YES;
				GCC_WARN_ABOUT_RETURN_TYPE = YES_ERROR;
				GCC_WARN_UNDECLARED_SELECTOR = YES;
				GCC_WARN_UNINITIALIZED_AUTOS = YES_AGGRESSIVE;
				GCC_WARN_UNUSED_FUNCTION = YES;
				GCC_WARN_UNUSED_VARIABLE = YES;
				IPHONEOS_DEPLOYMENT_TARGET = 12.1;
				MTL_ENABLE_DEBUG_INFO = INCLUDE_SOURCE;
				MTL_FAST_MATH = YES;
				ONLY_ACTIVE_ARCH = YES;
				SDKROOT = iphoneos;
				SWIFT_ACTIVE_COMPILATION_CONDITIONS = DEBUG;
				SWIFT_OPTIMIZATION_LEVEL = "-Onone";
			};
			name = Debug;
		};
		2B257E8B230C293D002B81E4 /* Release */ = {
			isa = XCBuildConfiguration;
			buildSettings = {
				ALWAYS_SEARCH_USER_PATHS = NO;
				CLANG_ANALYZER_NONNULL = YES;
				CLANG_ANALYZER_NUMBER_OBJECT_CONVERSION = YES_AGGRESSIVE;
				CLANG_CXX_LANGUAGE_STANDARD = "gnu++14";
				CLANG_CXX_LIBRARY = "libc++";
				CLANG_ENABLE_MODULES = YES;
				CLANG_ENABLE_OBJC_ARC = YES;
				CLANG_ENABLE_OBJC_WEAK = YES;
				CLANG_WARN_BLOCK_CAPTURE_AUTORELEASING = YES;
				CLANG_WARN_BOOL_CONVERSION = YES;
				CLANG_WARN_COMMA = YES;
				CLANG_WARN_CONSTANT_CONVERSION = YES;
				CLANG_WARN_DEPRECATED_OBJC_IMPLEMENTATIONS = YES;
				CLANG_WARN_DIRECT_OBJC_ISA_USAGE = YES_ERROR;
				CLANG_WARN_DOCUMENTATION_COMMENTS = YES;
				CLANG_WARN_EMPTY_BODY = YES;
				CLANG_WARN_ENUM_CONVERSION = YES;
				CLANG_WARN_INFINITE_RECURSION = YES;
				CLANG_WARN_INT_CONVERSION = YES;
				CLANG_WARN_NON_LITERAL_NULL_CONVERSION = YES;
				CLANG_WARN_OBJC_IMPLICIT_RETAIN_SELF = YES;
				CLANG_WARN_OBJC_LITERAL_CONVERSION = YES;
				CLANG_WARN_OBJC_ROOT_CLASS = YES_ERROR;
				CLANG_WARN_RANGE_LOOP_ANALYSIS = YES;
				CLANG_WARN_STRICT_PROTOTYPES = YES;
				CLANG_WARN_SUSPICIOUS_MOVE = YES;
				CLANG_WARN_UNGUARDED_AVAILABILITY = YES_AGGRESSIVE;
				CLANG_WARN_UNREACHABLE_CODE = YES;
				CLANG_WARN__DUPLICATE_METHOD_MATCH = YES;
				CODE_SIGN_IDENTITY = "iPhone Developer";
				COPY_PHASE_STRIP = NO;
				DEBUG_INFORMATION_FORMAT = "dwarf-with-dsym";
				ENABLE_NS_ASSERTIONS = NO;
				ENABLE_STRICT_OBJC_MSGSEND = YES;
				GCC_C_LANGUAGE_STANDARD = gnu11;
				GCC_NO_COMMON_BLOCKS = YES;
				GCC_WARN_64_TO_32_BIT_CONVERSION = YES;
				GCC_WARN_ABOUT_RETURN_TYPE = YES_ERROR;
				GCC_WARN_UNDECLARED_SELECTOR = YES;
				GCC_WARN_UNINITIALIZED_AUTOS = YES_AGGRESSIVE;
				GCC_WARN_UNUSED_FUNCTION = YES;
				GCC_WARN_UNUSED_VARIABLE = YES;
				IPHONEOS_DEPLOYMENT_TARGET = 12.1;
				MTL_ENABLE_DEBUG_INFO = NO;
				MTL_FAST_MATH = YES;
				SDKROOT = iphoneos;
				SWIFT_COMPILATION_MODE = wholemodule;
				SWIFT_OPTIMIZATION_LEVEL = "-O";
				VALIDATE_PRODUCT = YES;
			};
			name = Release;
		};
		2B257E8D230C293D002B81E4 /* Debug */ = {
			isa = XCBuildConfiguration;
			baseConfigurationReference = F0EBDB8481450FB445502D53 /* Pods-Reciplease.debug.xcconfig */;
			buildSettings = {
				ASSETCATALOG_COMPILER_APPICON_NAME = AppIcon;
				CODE_SIGN_STYLE = Automatic;
				DEVELOPMENT_TEAM = 6377X6A483;
				INFOPLIST_FILE = Reciplease/Ressources/Info.plist;
				LD_RUNPATH_SEARCH_PATHS = (
					"$(inherited)",
					"@executable_path/Frameworks",
				);
				PRODUCT_BUNDLE_IDENTIFIER = fr.fredericblanc.Reciplease;
				PRODUCT_NAME = "$(TARGET_NAME)";
				SWIFT_VERSION = 4.2;
				TARGETED_DEVICE_FAMILY = "1,2";
			};
			name = Debug;
		};
		2B257E8E230C293D002B81E4 /* Release */ = {
			isa = XCBuildConfiguration;
			baseConfigurationReference = 1D7DAA94F492DFAFA90CD3B2 /* Pods-Reciplease.release.xcconfig */;
			buildSettings = {
				ASSETCATALOG_COMPILER_APPICON_NAME = AppIcon;
				CODE_SIGN_STYLE = Automatic;
				DEVELOPMENT_TEAM = 6377X6A483;
				INFOPLIST_FILE = Reciplease/Ressources/Info.plist;
				LD_RUNPATH_SEARCH_PATHS = (
					"$(inherited)",
					"@executable_path/Frameworks",
				);
				PRODUCT_BUNDLE_IDENTIFIER = fr.fredericblanc.Reciplease;
				PRODUCT_NAME = "$(TARGET_NAME)";
				SWIFT_VERSION = 4.2;
				TARGETED_DEVICE_FAMILY = "1,2";
			};
			name = Release;
		};
		2B257E90230C293D002B81E4 /* Debug */ = {
			isa = XCBuildConfiguration;
			buildSettings = {
				ALWAYS_EMBED_SWIFT_STANDARD_LIBRARIES = YES;
				BUNDLE_LOADER = "$(TEST_HOST)";
				CODE_SIGN_STYLE = Automatic;
				DEVELOPMENT_TEAM = 6377X6A483;
				INFOPLIST_FILE = RecipleaseTests/Info.plist;
				LD_RUNPATH_SEARCH_PATHS = (
					"$(inherited)",
					"@executable_path/Frameworks",
					"@loader_path/Frameworks",
				);
				PRODUCT_BUNDLE_IDENTIFIER = fr.fredericblanc.RecipleaseTests;
				PRODUCT_NAME = "$(TARGET_NAME)";
				SWIFT_VERSION = 4.2;
				TARGETED_DEVICE_FAMILY = "1,2";
				TEST_HOST = "$(BUILT_PRODUCTS_DIR)/Reciplease.app/Reciplease";
			};
			name = Debug;
		};
		2B257E91230C293D002B81E4 /* Release */ = {
			isa = XCBuildConfiguration;
			buildSettings = {
				ALWAYS_EMBED_SWIFT_STANDARD_LIBRARIES = YES;
				BUNDLE_LOADER = "$(TEST_HOST)";
				CODE_SIGN_STYLE = Automatic;
				DEVELOPMENT_TEAM = 6377X6A483;
				INFOPLIST_FILE = RecipleaseTests/Info.plist;
				LD_RUNPATH_SEARCH_PATHS = (
					"$(inherited)",
					"@executable_path/Frameworks",
					"@loader_path/Frameworks",
				);
				PRODUCT_BUNDLE_IDENTIFIER = fr.fredericblanc.RecipleaseTests;
				PRODUCT_NAME = "$(TARGET_NAME)";
				SWIFT_VERSION = 4.2;
				TARGETED_DEVICE_FAMILY = "1,2";
				TEST_HOST = "$(BUILT_PRODUCTS_DIR)/Reciplease.app/Reciplease";
			};
			name = Release;
		};
/* End XCBuildConfiguration section */

/* Begin XCConfigurationList section */
		2B257E67230C293C002B81E4 /* Build configuration list for PBXProject "Reciplease" */ = {
			isa = XCConfigurationList;
			buildConfigurations = (
				2B257E8A230C293D002B81E4 /* Debug */,
				2B257E8B230C293D002B81E4 /* Release */,
			);
			defaultConfigurationIsVisible = 0;
			defaultConfigurationName = Release;
		};
		2B257E8C230C293D002B81E4 /* Build configuration list for PBXNativeTarget "Reciplease" */ = {
			isa = XCConfigurationList;
			buildConfigurations = (
				2B257E8D230C293D002B81E4 /* Debug */,
				2B257E8E230C293D002B81E4 /* Release */,
			);
			defaultConfigurationIsVisible = 0;
			defaultConfigurationName = Release;
		};
		2B257E8F230C293D002B81E4 /* Build configuration list for PBXNativeTarget "RecipleaseTests" */ = {
			isa = XCConfigurationList;
			buildConfigurations = (
				2B257E90230C293D002B81E4 /* Debug */,
				2B257E91230C293D002B81E4 /* Release */,
			);
			defaultConfigurationIsVisible = 0;
			defaultConfigurationName = Release;
		};
/* End XCConfigurationList section */

/* Begin XCVersionGroup section */
		2B257E76230C293C002B81E4 /* Reciplease.xcdatamodeld */ = {
			isa = XCVersionGroup;
			children = (
				2B257E77230C293C002B81E4 /* Reciplease.xcdatamodel */,
			);
			currentVersion = 2B257E77230C293C002B81E4 /* Reciplease.xcdatamodel */;
			path = Reciplease.xcdatamodeld;
			sourceTree = "<group>";
			versionGroupType = wrapper.xcdatamodel;
		};
/* End XCVersionGroup section */
	};
	rootObject = 2B257E64230C293C002B81E4 /* Project object */;
}
